
Microsoft Visual Studio Solution File, Format Version 10.00
# Visual Studio 2008
Project("{FAE04EC0-301F-11D3-BF4B-00C04F79EFBC}") = "MachineExample", "MachineExample\MachineExample.csproj", "{4039FA9B-9E85-4ADF-A0A1-DC30AAC01196}"
EndProject
Project("{FAE04EC0-301F-11D3-BF4B-00C04F79EFBC}") = "MachineExample.UI", "MachineExample.UI\MachineExample.UI.csproj", "{B39537EF-B8FB-4090-9858-F7D004A5F74D}"
EndProject
Project("{FAE04EC0-301F-11D3-BF4B-00C04F79EFBC}") = "MachineExample.BO", "MachineExample.BO\MachineExample.BO.csproj", "{2B88A601-7E18-453E-A9EB-26D1352C558B}"
EndProject
Global
	GlobalSection(SolutionConfigurationPlatforms) = preSolution
		Debug|Any CPU = Debug|Any CPU
		Release|Any CPU = Release|Any CPU
	EndGlobalSection
	GlobalSection(ProjectConfigurationPlatforms) = postSolution
		{4039FA9B-9E85-4ADF-A0A1-DC30AAC01196}.Debug|Any CPU.ActiveCfg = Debug|Any CPU
		{4039FA9B-9E85-4ADF-A0A1-DC30AAC01196}.Debug|Any CPU.Build.0 = Debug|Any CPU
		{4039FA9B-9E85-4ADF-A0A1-DC30AAC01196}.Release|Any CPU.ActiveCfg = Release|Any CPU
		{4039FA9B-9E85-4ADF-A0A1-DC30AAC01196}.Release|Any CPU.Build.0 = Release|Any CPU
		{B39537EF-B8FB-4090-9858-F7D004A5F74D}.Debug|Any CPU.ActiveCfg = Debug|Any CPU
		{B39537EF-B8FB-4090-9858-F7D004A5F74D}.Debug|Any CPU.Build.0 = Debug|Any CPU
		{B39537EF-B8FB-4090-9858-F7D004A5F74D}.Release|Any CPU.ActiveCfg = Release|Any CPU
		{B39537EF-B8FB-4090-9858-F7D004A5F74D}.Release|Any CPU.Build.0 = Release|Any CPU
		{2B88A601-7E18-453E-A9EB-26D1352C558B}.Debug|Any CPU.ActiveCfg = Debug|Any CPU
		{2B88A601-7E18-453E-A9EB-26D1352C558B}.Debug|Any CPU.Build.0 = Debug|Any CPU
		{2B88A601-7E18-453E-A9EB-26D1352C558B}.Release|Any CPU.ActiveCfg = Release|Any CPU
		{2B88A601-7E18-453E-A9EB-26D1352C558B}.Release|Any CPU.Build.0 = Release|Any CPU
	EndGlobalSection
	GlobalSection(SolutionProperties) = preSolution
		HideSolutionNode = FALSE
	EndGlobalSection
EndGlobal
