Microsoft Visual Studio Solution File, Format Version 9.00
# Visual Studio 2005
Project("{FAE04EC0-301F-11D3-BF4B-00C04F79EFBC}") = "Chillisoft.Db.v2", "Chillisoft.Db.v2\Chillisoft.Db.v2.csproj", "{80FEC63C-DBD7-4DAE-882D-9CB93F738B48}"
EndProject
Project("{FAE04EC0-301F-11D3-BF4B-00C04F79EFBC}") = "Chillisoft.Generic.v2", "Chillisoft.Generic.v2\Chillisoft.Generic.v2.csproj", "{D04BB138-C144-4406-9A41-17192E7D44BF}"
EndProject
Project("{FAE04EC0-301F-11D3-BF4B-00C04F79EFBC}") = "Chillisoft.Test.v2", "Chillisoft.Test.v2\Chillisoft.Test.v2.csproj", "{4122B18E-280B-4DC4-9FAC-8711EF4F4923}"
EndProject
Project("{FAE04EC0-301F-11D3-BF4B-00C04F79EFBC}") = "Chillisoft.Test.Db.v2", "Chillisoft.Test.Db.v2\Chillisoft.Test.Db.v2.csproj", "{1484CDE2-0A30-466F-9FEA-E79CE2751489}"
EndProject
Project("{FAE04EC0-301F-11D3-BF4B-00C04F79EFBC}") = "Chillisoft.Test.Generic.v2", "Chillisoft.Test.Generic.v2\Chillisoft.Test.Generic.v2.csproj", "{C2F78E27-878C-44A4-8BF8-E1B8013FBBA0}"
EndProject
Project("{FAE04EC0-301F-11D3-BF4B-00C04F79EFBC}") = "Chillisoft.Test.Utilities.v2", "Chillisoft.Test.Utilities.v2\Chillisoft.Test.Utilities.v2.csproj", "{456989A4-82C3-4227-A4A3-BA23F35A36C5}"
EndProject
Project("{FAE04EC0-301F-11D3-BF4B-00C04F79EFBC}") = "Chillisoft.Util.v2", "Chillisoft.Util.v2\Chillisoft.Util.v2.csproj", "{D3B50C81-590B-429F-9761-3B676D607DFF}"
EndProject
Project("{FAE04EC0-301F-11D3-BF4B-00C04F79EFBC}") = "Chillisoft.Xml.v2", "ChilliSoft.Xml.v2\Chillisoft.Xml.v2.csproj", "{004FABC1-9918-423E-AAA5-419BC770B178}"
EndProject
Global
	GlobalSection(SolutionConfigurationPlatforms) = preSolution
		Debug|Any CPU = Debug|Any CPU
		Release|Any CPU = Release|Any CPU
	EndGlobalSection
	GlobalSection(ProjectConfigurationPlatforms) = postSolution
		{80FEC63C-DBD7-4DAE-882D-9CB93F738B48}.Debug|Any CPU.ActiveCfg = Debug|Any CPU
		{80FEC63C-DBD7-4DAE-882D-9CB93F738B48}.Debug|Any CPU.Build.0 = Debug|Any CPU
		{80FEC63C-DBD7-4DAE-882D-9CB93F738B48}.Release|Any CPU.ActiveCfg = Release|Any CPU
		{80FEC63C-DBD7-4DAE-882D-9CB93F738B48}.Release|Any CPU.Build.0 = Release|Any CPU
		{D04BB138-C144-4406-9A41-17192E7D44BF}.Debug|Any CPU.ActiveCfg = Debug|Any CPU
		{D04BB138-C144-4406-9A41-17192E7D44BF}.Debug|Any CPU.Build.0 = Debug|Any CPU
		{D04BB138-C144-4406-9A41-17192E7D44BF}.Release|Any CPU.ActiveCfg = Release|Any CPU
		{D04BB138-C144-4406-9A41-17192E7D44BF}.Release|Any CPU.Build.0 = Release|Any CPU
		{4122B18E-280B-4DC4-9FAC-8711EF4F4923}.Debug|Any CPU.ActiveCfg = Debug|Any CPU
		{4122B18E-280B-4DC4-9FAC-8711EF4F4923}.Debug|Any CPU.Build.0 = Debug|Any CPU
		{4122B18E-280B-4DC4-9FAC-8711EF4F4923}.Release|Any CPU.ActiveCfg = Release|Any CPU
		{4122B18E-280B-4DC4-9FAC-8711EF4F4923}.Release|Any CPU.Build.0 = Release|Any CPU
		{1484CDE2-0A30-466F-9FEA-E79CE2751489}.Debug|Any CPU.ActiveCfg = Debug|Any CPU
		{1484CDE2-0A30-466F-9FEA-E79CE2751489}.Debug|Any CPU.Build.0 = Debug|Any CPU
		{1484CDE2-0A30-466F-9FEA-E79CE2751489}.Release|Any CPU.ActiveCfg = Release|Any CPU
		{1484CDE2-0A30-466F-9FEA-E79CE2751489}.Release|Any CPU.Build.0 = Release|Any CPU
		{C2F78E27-878C-44A4-8BF8-E1B8013FBBA0}.Debug|Any CPU.ActiveCfg = Debug|Any CPU
		{C2F78E27-878C-44A4-8BF8-E1B8013FBBA0}.Debug|Any CPU.Build.0 = Debug|Any CPU
		{C2F78E27-878C-44A4-8BF8-E1B8013FBBA0}.Release|Any CPU.ActiveCfg = Release|Any CPU
		{C2F78E27-878C-44A4-8BF8-E1B8013FBBA0}.Release|Any CPU.Build.0 = Release|Any CPU
		{456989A4-82C3-4227-A4A3-BA23F35A36C5}.Debug|Any CPU.ActiveCfg = Debug|Any CPU
		{456989A4-82C3-4227-A4A3-BA23F35A36C5}.Debug|Any CPU.Build.0 = Debug|Any CPU
		{456989A4-82C3-4227-A4A3-BA23F35A36C5}.Release|Any CPU.ActiveCfg = Release|Any CPU
		{456989A4-82C3-4227-A4A3-BA23F35A36C5}.Release|Any CPU.Build.0 = Release|Any CPU
		{D3B50C81-590B-429F-9761-3B676D607DFF}.Debug|Any CPU.ActiveCfg = Debug|Any CPU
		{D3B50C81-590B-429F-9761-3B676D607DFF}.Debug|Any CPU.Build.0 = Debug|Any CPU
		{D3B50C81-590B-429F-9761-3B676D607DFF}.Release|Any CPU.ActiveCfg = Release|Any CPU
		{D3B50C81-590B-429F-9761-3B676D607DFF}.Release|Any CPU.Build.0 = Release|Any CPU
		{004FABC1-9918-423E-AAA5-419BC770B178}.Debug|Any CPU.ActiveCfg = Debug|Any CPU
		{004FABC1-9918-423E-AAA5-419BC770B178}.Debug|Any CPU.Build.0 = Debug|Any CPU
		{004FABC1-9918-423E-AAA5-419BC770B178}.Release|Any CPU.ActiveCfg = Release|Any CPU
		{004FABC1-9918-423E-AAA5-419BC770B178}.Release|Any CPU.Build.0 = Release|Any CPU
	EndGlobalSection
	GlobalSection(SolutionProperties) = preSolution
		HideSolutionNode = FALSE
	EndGlobalSection
EndGlobal
