Microsoft Visual Studio Solution File, Format Version 9.00
# Visual Studio 2005
Project("{FAE04EC0-301F-11D3-BF4B-00C04F79EFBC}") = "Habanero.Bo", "Habanero.Bo\Habanero.Bo.csproj", "{9ED22DDE-ED14-43CA-807A-D0A42DFBF322}"
EndProject
Project("{FAE04EC0-301F-11D3-BF4B-00C04F79EFBC}") = "Habanero.Db", "Habanero.Db\Habanero.Db.csproj", "{80FEC63C-DBD7-4DAE-882D-9CB93F738B48}"
EndProject
Project("{FAE04EC0-301F-11D3-BF4B-00C04F79EFBC}") = "Habanero.Generic", "Habanero.Generic\Habanero.Generic.csproj", "{D04BB138-C144-4406-9A41-17192E7D44BF}"
EndProject
Project("{FAE04EC0-301F-11D3-BF4B-00C04F79EFBC}") = "Habanero.UI", "Habanero.UI\Habanero.UI.csproj", "{021389A1-76C4-4DD0-AD09-A13EB5C237E7}"
EndProject
Project("{FAE04EC0-301F-11D3-BF4B-00C04F79EFBC}") = "Habanero.UI.Pro", "Habanero.UI.Pro\Habanero.UI.Pro.csproj", "{E1B4C7C4-587F-4162-A51C-7CCBA8147029}"
EndProject
Project("{FAE04EC0-301F-11D3-BF4B-00C04F79EFBC}") = "Habanero.UI.Std", "Habanero.UI.Std\Habanero.UI.Std.csproj", "{FA629307-EC8B-435E-AA8D-C611DD4A14A3}"
EndProject
Project("{FAE04EC0-301F-11D3-BF4B-00C04F79EFBC}") = "Habanero.Util", "Habanero.Util\Habanero.Util.csproj", "{D3B50C81-590B-429F-9761-3B676D607DFF}"
EndProject
Project("{FAE04EC0-301F-11D3-BF4B-00C04F79EFBC}") = "Chillisoft.Test.v2", "Chillisoft.Test.v2\Chillisoft.Test.v2.csproj", "{4122B18E-280B-4DC4-9FAC-8711EF4F4923}"
EndProject
Project("{FAE04EC0-301F-11D3-BF4B-00C04F79EFBC}") = "Chillisoft.Test.Bo.Loaders.v2", "Chillisoft.Test.Bo.Loaders.v2\Chillisoft.Test.Bo.Loaders.v2.csproj", "{7C7A8ED1-78AB-4DDF-9E4C-62A760F13CF9}"
EndProject
Project("{FAE04EC0-301F-11D3-BF4B-00C04F79EFBC}") = "Chillisoft.Test.Bo.v2", "Chillisoft.Test.Bo.v2\Chillisoft.Test.Bo.v2.csproj", "{D624008C-47BA-44CC-9CC8-DCEC9F0005B3}"
EndProject
Project("{FAE04EC0-301F-11D3-BF4B-00C04F79EFBC}") = "Chillisoft.Test.Db.v2", "Chillisoft.Test.Db.v2\Chillisoft.Test.Db.v2.csproj", "{1484CDE2-0A30-466F-9FEA-E79CE2751489}"
EndProject
Project("{FAE04EC0-301F-11D3-BF4B-00C04F79EFBC}") = "Chillisoft.Test.General.v2", "Chillisoft.Test.General.v2\Chillisoft.Test.General.v2.csproj", "{F30A2151-F894-44E4-8F71-492B8C245745}"
EndProject
Project("{FAE04EC0-301F-11D3-BF4B-00C04F79EFBC}") = "Chillisoft.Test.Generic.v2", "Chillisoft.Test.Generic.v2\Chillisoft.Test.Generic.v2.csproj", "{C2F78E27-878C-44A4-8BF8-E1B8013FBBA0}"
EndProject
Project("{FAE04EC0-301F-11D3-BF4B-00C04F79EFBC}") = "Chillisoft.Test.Setup.v2", "Chillisoft.Test.Setup.v2\Chillisoft.Test.Setup.v2.csproj", "{8C2A0CEB-BCC4-450A-A8E5-5E1A0E06D3F1}"
EndProject
Project("{FAE04EC0-301F-11D3-BF4B-00C04F79EFBC}") = "Chillisoft.Test.UI.Application.v2", "Chillisoft.Test.UI.Application.v2\Chillisoft.Test.UI.Application.v2.csproj", "{0523F726-3AED-412D-91C1-58987E450474}"
EndProject
Project("{FAE04EC0-301F-11D3-BF4B-00C04F79EFBC}") = "Chillisoft.Test.UI.BOControls.v2", "Chillisoft.Test.UI.BOControls.v2\Chillisoft.Test.UI.BOControls.v2.csproj", "{1062F495-E275-44A9-9448-98F15012A6E8}"
EndProject
Project("{FAE04EC0-301F-11D3-BF4B-00C04F79EFBC}") = "Chillisoft.Test.UI.Generic.v2", "Chillisoft.Test.UI.Generic.v2\Chillisoft.Test.UI.Generic.v2.csproj", "{F9D27258-1DC0-4BC8-B11F-964EB2F473BB}"
EndProject
Project("{FAE04EC0-301F-11D3-BF4B-00C04F79EFBC}") = "Chillisoft.Test.Utilities.v2", "Chillisoft.Test.Utilities.v2\Chillisoft.Test.Utilities.v2.csproj", "{456989A4-82C3-4227-A4A3-BA23F35A36C5}"
EndProject
Global
	GlobalSection(SolutionConfigurationPlatforms) = preSolution
		Debug|Any CPU = Debug|Any CPU
		Release|Any CPU = Release|Any CPU
	EndGlobalSection
	GlobalSection(ProjectConfigurationPlatforms) = postSolution
		{9ED22DDE-ED14-43CA-807A-D0A42DFBF322}.Debug|Any CPU.ActiveCfg = Debug|Any CPU
		{9ED22DDE-ED14-43CA-807A-D0A42DFBF322}.Debug|Any CPU.Build.0 = Debug|Any CPU
		{9ED22DDE-ED14-43CA-807A-D0A42DFBF322}.Release|Any CPU.ActiveCfg = Release|Any CPU
		{9ED22DDE-ED14-43CA-807A-D0A42DFBF322}.Release|Any CPU.Build.0 = Release|Any CPU
		{80FEC63C-DBD7-4DAE-882D-9CB93F738B48}.Debug|Any CPU.ActiveCfg = Debug|Any CPU
		{80FEC63C-DBD7-4DAE-882D-9CB93F738B48}.Debug|Any CPU.Build.0 = Debug|Any CPU
		{80FEC63C-DBD7-4DAE-882D-9CB93F738B48}.Release|Any CPU.ActiveCfg = Release|Any CPU
		{80FEC63C-DBD7-4DAE-882D-9CB93F738B48}.Release|Any CPU.Build.0 = Release|Any CPU
		{D04BB138-C144-4406-9A41-17192E7D44BF}.Debug|Any CPU.ActiveCfg = Debug|Any CPU
		{D04BB138-C144-4406-9A41-17192E7D44BF}.Debug|Any CPU.Build.0 = Debug|Any CPU
		{D04BB138-C144-4406-9A41-17192E7D44BF}.Release|Any CPU.ActiveCfg = Release|Any CPU
		{D04BB138-C144-4406-9A41-17192E7D44BF}.Release|Any CPU.Build.0 = Release|Any CPU
		{021389A1-76C4-4DD0-AD09-A13EB5C237E7}.Debug|Any CPU.ActiveCfg = Debug|Any CPU
		{021389A1-76C4-4DD0-AD09-A13EB5C237E7}.Debug|Any CPU.Build.0 = Debug|Any CPU
		{021389A1-76C4-4DD0-AD09-A13EB5C237E7}.Release|Any CPU.ActiveCfg = Release|Any CPU
		{021389A1-76C4-4DD0-AD09-A13EB5C237E7}.Release|Any CPU.Build.0 = Release|Any CPU
		{E1B4C7C4-587F-4162-A51C-7CCBA8147029}.Debug|Any CPU.ActiveCfg = Debug|Any CPU
		{E1B4C7C4-587F-4162-A51C-7CCBA8147029}.Debug|Any CPU.Build.0 = Debug|Any CPU
		{E1B4C7C4-587F-4162-A51C-7CCBA8147029}.Release|Any CPU.ActiveCfg = Release|Any CPU
		{E1B4C7C4-587F-4162-A51C-7CCBA8147029}.Release|Any CPU.Build.0 = Release|Any CPU
		{FA629307-EC8B-435E-AA8D-C611DD4A14A3}.Debug|Any CPU.ActiveCfg = Debug|Any CPU
		{FA629307-EC8B-435E-AA8D-C611DD4A14A3}.Debug|Any CPU.Build.0 = Debug|Any CPU
		{FA629307-EC8B-435E-AA8D-C611DD4A14A3}.Release|Any CPU.ActiveCfg = Release|Any CPU
		{FA629307-EC8B-435E-AA8D-C611DD4A14A3}.Release|Any CPU.Build.0 = Release|Any CPU
		{D3B50C81-590B-429F-9761-3B676D607DFF}.Debug|Any CPU.ActiveCfg = Debug|Any CPU
		{D3B50C81-590B-429F-9761-3B676D607DFF}.Debug|Any CPU.Build.0 = Debug|Any CPU
		{D3B50C81-590B-429F-9761-3B676D607DFF}.Release|Any CPU.ActiveCfg = Release|Any CPU
		{D3B50C81-590B-429F-9761-3B676D607DFF}.Release|Any CPU.Build.0 = Release|Any CPU
		{4122B18E-280B-4DC4-9FAC-8711EF4F4923}.Debug|Any CPU.ActiveCfg = Debug|Any CPU
		{4122B18E-280B-4DC4-9FAC-8711EF4F4923}.Debug|Any CPU.Build.0 = Debug|Any CPU
		{4122B18E-280B-4DC4-9FAC-8711EF4F4923}.Release|Any CPU.ActiveCfg = Release|Any CPU
		{4122B18E-280B-4DC4-9FAC-8711EF4F4923}.Release|Any CPU.Build.0 = Release|Any CPU
		{7C7A8ED1-78AB-4DDF-9E4C-62A760F13CF9}.Debug|Any CPU.ActiveCfg = Debug|Any CPU
		{7C7A8ED1-78AB-4DDF-9E4C-62A760F13CF9}.Debug|Any CPU.Build.0 = Debug|Any CPU
		{7C7A8ED1-78AB-4DDF-9E4C-62A760F13CF9}.Release|Any CPU.ActiveCfg = Release|Any CPU
		{7C7A8ED1-78AB-4DDF-9E4C-62A760F13CF9}.Release|Any CPU.Build.0 = Release|Any CPU
		{D624008C-47BA-44CC-9CC8-DCEC9F0005B3}.Debug|Any CPU.ActiveCfg = Debug|Any CPU
		{D624008C-47BA-44CC-9CC8-DCEC9F0005B3}.Debug|Any CPU.Build.0 = Debug|Any CPU
		{D624008C-47BA-44CC-9CC8-DCEC9F0005B3}.Release|Any CPU.ActiveCfg = Release|Any CPU
		{D624008C-47BA-44CC-9CC8-DCEC9F0005B3}.Release|Any CPU.Build.0 = Release|Any CPU
		{1484CDE2-0A30-466F-9FEA-E79CE2751489}.Debug|Any CPU.ActiveCfg = Debug|Any CPU
		{1484CDE2-0A30-466F-9FEA-E79CE2751489}.Debug|Any CPU.Build.0 = Debug|Any CPU
		{1484CDE2-0A30-466F-9FEA-E79CE2751489}.Release|Any CPU.ActiveCfg = Release|Any CPU
		{1484CDE2-0A30-466F-9FEA-E79CE2751489}.Release|Any CPU.Build.0 = Release|Any CPU
		{F30A2151-F894-44E4-8F71-492B8C245745}.Debug|Any CPU.ActiveCfg = Debug|Any CPU
		{F30A2151-F894-44E4-8F71-492B8C245745}.Debug|Any CPU.Build.0 = Debug|Any CPU
		{F30A2151-F894-44E4-8F71-492B8C245745}.Release|Any CPU.ActiveCfg = Release|Any CPU
		{F30A2151-F894-44E4-8F71-492B8C245745}.Release|Any CPU.Build.0 = Release|Any CPU
		{C2F78E27-878C-44A4-8BF8-E1B8013FBBA0}.Debug|Any CPU.ActiveCfg = Debug|Any CPU
		{C2F78E27-878C-44A4-8BF8-E1B8013FBBA0}.Debug|Any CPU.Build.0 = Debug|Any CPU
		{C2F78E27-878C-44A4-8BF8-E1B8013FBBA0}.Release|Any CPU.ActiveCfg = Release|Any CPU
		{C2F78E27-878C-44A4-8BF8-E1B8013FBBA0}.Release|Any CPU.Build.0 = Release|Any CPU
		{8C2A0CEB-BCC4-450A-A8E5-5E1A0E06D3F1}.Debug|Any CPU.ActiveCfg = Debug|Any CPU
		{8C2A0CEB-BCC4-450A-A8E5-5E1A0E06D3F1}.Debug|Any CPU.Build.0 = Debug|Any CPU
		{8C2A0CEB-BCC4-450A-A8E5-5E1A0E06D3F1}.Release|Any CPU.ActiveCfg = Release|Any CPU
		{8C2A0CEB-BCC4-450A-A8E5-5E1A0E06D3F1}.Release|Any CPU.Build.0 = Release|Any CPU
		{0523F726-3AED-412D-91C1-58987E450474}.Debug|Any CPU.ActiveCfg = Debug|Any CPU
		{0523F726-3AED-412D-91C1-58987E450474}.Debug|Any CPU.Build.0 = Debug|Any CPU
		{0523F726-3AED-412D-91C1-58987E450474}.Release|Any CPU.ActiveCfg = Release|Any CPU
		{0523F726-3AED-412D-91C1-58987E450474}.Release|Any CPU.Build.0 = Release|Any CPU
		{1062F495-E275-44A9-9448-98F15012A6E8}.Debug|Any CPU.ActiveCfg = Debug|Any CPU
		{1062F495-E275-44A9-9448-98F15012A6E8}.Debug|Any CPU.Build.0 = Debug|Any CPU
		{1062F495-E275-44A9-9448-98F15012A6E8}.Release|Any CPU.ActiveCfg = Release|Any CPU
		{1062F495-E275-44A9-9448-98F15012A6E8}.Release|Any CPU.Build.0 = Release|Any CPU
		{F9D27258-1DC0-4BC8-B11F-964EB2F473BB}.Debug|Any CPU.ActiveCfg = Debug|Any CPU
		{F9D27258-1DC0-4BC8-B11F-964EB2F473BB}.Debug|Any CPU.Build.0 = Debug|Any CPU
		{F9D27258-1DC0-4BC8-B11F-964EB2F473BB}.Release|Any CPU.ActiveCfg = Release|Any CPU
		{F9D27258-1DC0-4BC8-B11F-964EB2F473BB}.Release|Any CPU.Build.0 = Release|Any CPU
		{456989A4-82C3-4227-A4A3-BA23F35A36C5}.Debug|Any CPU.ActiveCfg = Debug|Any CPU
		{456989A4-82C3-4227-A4A3-BA23F35A36C5}.Debug|Any CPU.Build.0 = Debug|Any CPU
		{456989A4-82C3-4227-A4A3-BA23F35A36C5}.Release|Any CPU.ActiveCfg = Release|Any CPU
		{456989A4-82C3-4227-A4A3-BA23F35A36C5}.Release|Any CPU.Build.0 = Release|Any CPU
	EndGlobalSection
	GlobalSection(SolutionProperties) = preSolution
		HideSolutionNode = FALSE
	EndGlobalSection
EndGlobal
