
Microsoft Visual Studio Solution File, Format Version 9.00
# Visual Studio 2005
Project("{FAE04EC0-301F-11D3-BF4B-00C04F79EFBC}") = "Invoicing.BO", "Invoicing.BO\Invoicing.BO.csproj", "{B0ACE765-3559-451B-A90C-BAD1FC46D90B}"
EndProject
Project("{FAE04EC0-301F-11D3-BF4B-00C04F79EFBC}") = "Test.Invoicing.BO", "Test.Invoicing.BO\Test.Invoicing.BO.csproj", "{58FDC6F8-2B71-49B6-B77D-FA727170D117}"
EndProject
Global
	GlobalSection(SolutionConfigurationPlatforms) = preSolution
		Debug|Any CPU = Debug|Any CPU
		Release|Any CPU = Release|Any CPU
	EndGlobalSection
	GlobalSection(ProjectConfigurationPlatforms) = postSolution
		{B0ACE765-3559-451B-A90C-BAD1FC46D90B}.Debug|Any CPU.ActiveCfg = Debug|Any CPU
		{B0ACE765-3559-451B-A90C-BAD1FC46D90B}.Debug|Any CPU.Build.0 = Debug|Any CPU
		{B0ACE765-3559-451B-A90C-BAD1FC46D90B}.Release|Any CPU.ActiveCfg = Release|Any CPU
		{B0ACE765-3559-451B-A90C-BAD1FC46D90B}.Release|Any CPU.Build.0 = Release|Any CPU
		{58FDC6F8-2B71-49B6-B77D-FA727170D117}.Debug|Any CPU.ActiveCfg = Debug|Any CPU
		{58FDC6F8-2B71-49B6-B77D-FA727170D117}.Debug|Any CPU.Build.0 = Debug|Any CPU
		{58FDC6F8-2B71-49B6-B77D-FA727170D117}.Release|Any CPU.ActiveCfg = Release|Any CPU
		{58FDC6F8-2B71-49B6-B77D-FA727170D117}.Release|Any CPU.Build.0 = Release|Any CPU
	EndGlobalSection
	GlobalSection(SolutionProperties) = preSolution
		HideSolutionNode = FALSE
	EndGlobalSection
EndGlobal
