Microsoft Visual Studio Solution File, Format Version 10.00
# Visual Studio 2008
Project("{FAE04EC0-301F-11D3-BF4B-00C04F79EFBC}") = "Habanero.UI.Base", "Habanero.UI.Base\Habanero.UI.Base.csproj", "{18828910-F528-48F5-B56D-7C1658D0987A}"
EndProject
Project("{FAE04EC0-301F-11D3-BF4B-00C04F79EFBC}") = "Habanero.Test.UI.Base", "Habanero.Test.UI.Base\Habanero.Test.UI.Base.csproj", "{12A701DA-DAF5-4709-942E-17F1EFA381D8}"
EndProject
Project("{FAE04EC0-301F-11D3-BF4B-00C04F79EFBC}") = "Habanero.UI.Win", "Habanero.UI.Win\Habanero.UI.Win.csproj", "{E761E05B-B9CC-4EAC-B940-C19E42D3819C}"
EndProject
Project("{FAE04EC0-301F-11D3-BF4B-00C04F79EFBC}") = "Habanero.Test", "Habanero.Test\Habanero.Test.csproj", "{B965CBBC-48BE-4761-9AB8-8F1AD17B8537}"
EndProject
Project("{FAE04EC0-301F-11D3-BF4B-00C04F79EFBC}") = "Habanero.Test.Structure", "Habanero.Test.Structure\Habanero.Test.Structure.csproj", "{D59DAD41-663F-4AD7-9B22-04C2A7D7F9C2}"
EndProject
Project("{FAE04EC0-301F-11D3-BF4B-00C04F79EFBC}") = "Habanero.UI.VWG", "Habanero.UI.VWG\Habanero.UI.VWG.csproj", "{04E4FF45-6C20-46EB-A9AD-2B04895F6218}"
EndProject
Project("{FAE04EC0-301F-11D3-BF4B-00C04F79EFBC}") = "Habanero.Console", "Habanero.Console\Habanero.Console.csproj", "{9B32C6E9-037A-4610-85CB-95C9A050CF7C}"
EndProject
Global
	GlobalSection(SolutionConfigurationPlatforms) = preSolution
		Debug|Any CPU = Debug|Any CPU
		Release|Any CPU = Release|Any CPU
	EndGlobalSection
	GlobalSection(ProjectConfigurationPlatforms) = postSolution
		{18828910-F528-48F5-B56D-7C1658D0987A}.Debug|Any CPU.ActiveCfg = Debug|Any CPU
		{18828910-F528-48F5-B56D-7C1658D0987A}.Debug|Any CPU.Build.0 = Debug|Any CPU
		{18828910-F528-48F5-B56D-7C1658D0987A}.Release|Any CPU.ActiveCfg = Release|Any CPU
		{18828910-F528-48F5-B56D-7C1658D0987A}.Release|Any CPU.Build.0 = Release|Any CPU
		{12A701DA-DAF5-4709-942E-17F1EFA381D8}.Debug|Any CPU.ActiveCfg = Debug|Any CPU
		{12A701DA-DAF5-4709-942E-17F1EFA381D8}.Debug|Any CPU.Build.0 = Debug|Any CPU
		{12A701DA-DAF5-4709-942E-17F1EFA381D8}.Release|Any CPU.ActiveCfg = Release|Any CPU
		{12A701DA-DAF5-4709-942E-17F1EFA381D8}.Release|Any CPU.Build.0 = Release|Any CPU
		{E761E05B-B9CC-4EAC-B940-C19E42D3819C}.Debug|Any CPU.ActiveCfg = Debug|Any CPU
		{E761E05B-B9CC-4EAC-B940-C19E42D3819C}.Debug|Any CPU.Build.0 = Debug|Any CPU
		{E761E05B-B9CC-4EAC-B940-C19E42D3819C}.Release|Any CPU.ActiveCfg = Release|Any CPU
		{E761E05B-B9CC-4EAC-B940-C19E42D3819C}.Release|Any CPU.Build.0 = Release|Any CPU
		{B965CBBC-48BE-4761-9AB8-8F1AD17B8537}.Debug|Any CPU.ActiveCfg = Debug|Any CPU
		{B965CBBC-48BE-4761-9AB8-8F1AD17B8537}.Debug|Any CPU.Build.0 = Debug|Any CPU
		{B965CBBC-48BE-4761-9AB8-8F1AD17B8537}.Release|Any CPU.ActiveCfg = Release|Any CPU
		{B965CBBC-48BE-4761-9AB8-8F1AD17B8537}.Release|Any CPU.Build.0 = Release|Any CPU
		{D59DAD41-663F-4AD7-9B22-04C2A7D7F9C2}.Debug|Any CPU.ActiveCfg = Debug|Any CPU
		{D59DAD41-663F-4AD7-9B22-04C2A7D7F9C2}.Debug|Any CPU.Build.0 = Debug|Any CPU
		{D59DAD41-663F-4AD7-9B22-04C2A7D7F9C2}.Release|Any CPU.ActiveCfg = Release|Any CPU
		{D59DAD41-663F-4AD7-9B22-04C2A7D7F9C2}.Release|Any CPU.Build.0 = Release|Any CPU
		{04E4FF45-6C20-46EB-A9AD-2B04895F6218}.Debug|Any CPU.ActiveCfg = Debug|Any CPU
		{04E4FF45-6C20-46EB-A9AD-2B04895F6218}.Debug|Any CPU.Build.0 = Debug|Any CPU
		{04E4FF45-6C20-46EB-A9AD-2B04895F6218}.Release|Any CPU.ActiveCfg = Release|Any CPU
		{04E4FF45-6C20-46EB-A9AD-2B04895F6218}.Release|Any CPU.Build.0 = Release|Any CPU
		{9B32C6E9-037A-4610-85CB-95C9A050CF7C}.Debug|Any CPU.ActiveCfg = Debug|Any CPU
		{9B32C6E9-037A-4610-85CB-95C9A050CF7C}.Debug|Any CPU.Build.0 = Debug|Any CPU
		{9B32C6E9-037A-4610-85CB-95C9A050CF7C}.Release|Any CPU.ActiveCfg = Release|Any CPU
		{9B32C6E9-037A-4610-85CB-95C9A050CF7C}.Release|Any CPU.Build.0 = Release|Any CPU
	EndGlobalSection
	GlobalSection(SolutionProperties) = preSolution
		HideSolutionNode = FALSE
	EndGlobalSection
EndGlobal
