Microsoft Visual Studio Solution File, Format Version 10.00
# Visual Studio 2008
Project("{FAE04EC0-301F-11D3-BF4B-00C04F79EFBC}") = "Habanero.Base", "Habanero.Base\Habanero.Base.csproj", "{75043A90-2D88-43A0-8C64-EA51B6B2826A}"
EndProject
Project("{FAE04EC0-301F-11D3-BF4B-00C04F79EFBC}") = "Habanero.BO", "Habanero.Bo\Habanero.BO.csproj", "{F214D8D4-F00F-46E7-8167-86331E5398DB}"
EndProject
Project("{FAE04EC0-301F-11D3-BF4B-00C04F79EFBC}") = "Habanero.Test", "Habanero.Test\Habanero.Test.csproj", "{37E55226-D08F-4A7E-85AE-79D7993E1AE5}"
EndProject
Project("{FAE04EC0-301F-11D3-BF4B-00C04F79EFBC}") = "Habanero.Test.BO", "Habanero.Test.Bo\Habanero.Test.BO.csproj", "{5EE52ED1-C9EC-45C0-8FB3-AF353FD31DC4}"
EndProject
Project("{FAE04EC0-301F-11D3-BF4B-00C04F79EFBC}") = "Habanero.Db", "Habanero.Db\Habanero.Db.csproj", "{47FDF59D-7304-4883-AC23-129ED1BF1908}"
EndProject
Global
	GlobalSection(SolutionConfigurationPlatforms) = preSolution
		Debug|Any CPU = Debug|Any CPU
		Debug|x86 = Debug|x86
		Release|Any CPU = Release|Any CPU
		Release|x86 = Release|x86
	EndGlobalSection
	GlobalSection(ProjectConfigurationPlatforms) = postSolution
		{75043A90-2D88-43A0-8C64-EA51B6B2826A}.Debug|Any CPU.ActiveCfg = Debug|Any CPU
		{75043A90-2D88-43A0-8C64-EA51B6B2826A}.Debug|Any CPU.Build.0 = Debug|Any CPU
		{75043A90-2D88-43A0-8C64-EA51B6B2826A}.Debug|x86.ActiveCfg = Debug|Any CPU
		{75043A90-2D88-43A0-8C64-EA51B6B2826A}.Release|Any CPU.ActiveCfg = Release|Any CPU
		{75043A90-2D88-43A0-8C64-EA51B6B2826A}.Release|Any CPU.Build.0 = Release|Any CPU
		{75043A90-2D88-43A0-8C64-EA51B6B2826A}.Release|x86.ActiveCfg = Release|Any CPU
		{F214D8D4-F00F-46E7-8167-86331E5398DB}.Debug|Any CPU.ActiveCfg = Debug|Any CPU
		{F214D8D4-F00F-46E7-8167-86331E5398DB}.Debug|Any CPU.Build.0 = Debug|Any CPU
		{F214D8D4-F00F-46E7-8167-86331E5398DB}.Debug|x86.ActiveCfg = Debug|Any CPU
		{F214D8D4-F00F-46E7-8167-86331E5398DB}.Release|Any CPU.ActiveCfg = Release|Any CPU
		{F214D8D4-F00F-46E7-8167-86331E5398DB}.Release|Any CPU.Build.0 = Release|Any CPU
		{F214D8D4-F00F-46E7-8167-86331E5398DB}.Release|x86.ActiveCfg = Release|Any CPU
		{37E55226-D08F-4A7E-85AE-79D7993E1AE5}.Debug|Any CPU.ActiveCfg = Debug|Any CPU
		{37E55226-D08F-4A7E-85AE-79D7993E1AE5}.Debug|Any CPU.Build.0 = Debug|Any CPU
		{37E55226-D08F-4A7E-85AE-79D7993E1AE5}.Debug|x86.ActiveCfg = Debug|Any CPU
		{37E55226-D08F-4A7E-85AE-79D7993E1AE5}.Release|Any CPU.ActiveCfg = Release|Any CPU
		{37E55226-D08F-4A7E-85AE-79D7993E1AE5}.Release|Any CPU.Build.0 = Release|Any CPU
		{37E55226-D08F-4A7E-85AE-79D7993E1AE5}.Release|x86.ActiveCfg = Release|Any CPU
		{5EE52ED1-C9EC-45C0-8FB3-AF353FD31DC4}.Debug|Any CPU.ActiveCfg = Debug|Any CPU
		{5EE52ED1-C9EC-45C0-8FB3-AF353FD31DC4}.Debug|Any CPU.Build.0 = Debug|Any CPU
		{5EE52ED1-C9EC-45C0-8FB3-AF353FD31DC4}.Debug|x86.ActiveCfg = Debug|Any CPU
		{5EE52ED1-C9EC-45C0-8FB3-AF353FD31DC4}.Release|Any CPU.ActiveCfg = Release|Any CPU
		{5EE52ED1-C9EC-45C0-8FB3-AF353FD31DC4}.Release|Any CPU.Build.0 = Release|Any CPU
		{5EE52ED1-C9EC-45C0-8FB3-AF353FD31DC4}.Release|x86.ActiveCfg = Release|Any CPU
		{47FDF59D-7304-4883-AC23-129ED1BF1908}.Debug|Any CPU.ActiveCfg = Debug|Any CPU
		{47FDF59D-7304-4883-AC23-129ED1BF1908}.Debug|Any CPU.Build.0 = Debug|Any CPU
		{47FDF59D-7304-4883-AC23-129ED1BF1908}.Debug|x86.ActiveCfg = Debug|Any CPU
		{47FDF59D-7304-4883-AC23-129ED1BF1908}.Release|Any CPU.ActiveCfg = Release|Any CPU
		{47FDF59D-7304-4883-AC23-129ED1BF1908}.Release|Any CPU.Build.0 = Release|Any CPU
		{47FDF59D-7304-4883-AC23-129ED1BF1908}.Release|x86.ActiveCfg = Release|Any CPU
	EndGlobalSection
	GlobalSection(SolutionProperties) = preSolution
		HideSolutionNode = FALSE
	EndGlobalSection
EndGlobal
