
Microsoft Visual Studio Solution File, Format Version 12.00
# Visual Studio 14
VisualStudioVersion = 14.0.25420.1
MinimumVisualStudioVersion = 10.0.40219.1
Project("{FAE04EC0-301F-11D3-BF4B-00C04F79EFBC}") = "Habanero.Base", "XamarinHabanero\Habanero.Base\Habanero.Base.csproj", "{407B8F2E-DCEA-4EAE-A183-B3417E889846}"
EndProject
Project("{FAE04EC0-301F-11D3-BF4B-00C04F79EFBC}") = "Habanero.BO", "XamarinHabanero\Habanero.Bo\Habanero.BO.csproj", "{2A1F1C26-C940-4684-BF9B-59B40EDCFFFF}"
EndProject
Project("{FAE04EC0-301F-11D3-BF4B-00C04F79EFBC}") = "Habanero.DB", "XamarinHabanero\Habanero.DB\Habanero.DB.csproj", "{3184EA1C-6416-4232-AA39-545F3E79A585}"
EndProject
Project("{FAE04EC0-301F-11D3-BF4B-00C04F79EFBC}") = "Habanero.Console", "XamarinHabanero\Habanero.Console\Habanero.Console.csproj", "{9E817015-3B0E-4997-8D39-EB1B25307ECC}"
EndProject
Project("{FAE04EC0-301F-11D3-BF4B-00C04F79EFBC}") = "Habanero.Test", "XamarinHabanero\Habanero.Test\Habanero.Test.csproj", "{91F1E27D-31C5-4FBD-A8F2-CE33FA314CF4}"
EndProject
Project("{FAE04EC0-301F-11D3-BF4B-00C04F79EFBC}") = "Habanero.Test.BO", "XamarinHabanero\Habanero.Test.BO\Habanero.Test.BO.csproj", "{DB8EC953-3A36-46E1-BDF8-C3D30F2A9104}"
EndProject
Project("{FAE04EC0-301F-11D3-BF4B-00C04F79EFBC}") = "Habanero.Test.DB", "XamarinHabanero\Habanero.Test.DB\Habanero.Test.DB.csproj", "{363BEA0D-CA15-413E-ADF2-E2B9B5AC907B}"
EndProject
Project("{FAE04EC0-301F-11D3-BF4B-00C04F79EFBC}") = "Habanero.Test.Structure", "XamarinHabanero\Habanero.Test.Structure\Habanero.Test.Structure.csproj", "{CFA9CEAC-09D8-4C29-8E10-52C5160A409F}"
EndProject
Global
	GlobalSection(SolutionConfigurationPlatforms) = preSolution
		Debug|Any CPU = Debug|Any CPU
		Debug|x86 = Debug|x86
		Release|Any CPU = Release|Any CPU
		Release|x86 = Release|x86
	EndGlobalSection
	GlobalSection(ProjectConfigurationPlatforms) = postSolution
		{407B8F2E-DCEA-4EAE-A183-B3417E889846}.Debug|Any CPU.ActiveCfg = Debug|Any CPU
		{407B8F2E-DCEA-4EAE-A183-B3417E889846}.Debug|Any CPU.Build.0 = Debug|Any CPU
		{407B8F2E-DCEA-4EAE-A183-B3417E889846}.Debug|x86.ActiveCfg = Debug|Any CPU
		{407B8F2E-DCEA-4EAE-A183-B3417E889846}.Debug|x86.Build.0 = Debug|Any CPU
		{407B8F2E-DCEA-4EAE-A183-B3417E889846}.Release|Any CPU.ActiveCfg = Release|Any CPU
		{407B8F2E-DCEA-4EAE-A183-B3417E889846}.Release|Any CPU.Build.0 = Release|Any CPU
		{407B8F2E-DCEA-4EAE-A183-B3417E889846}.Release|x86.ActiveCfg = Release|Any CPU
		{407B8F2E-DCEA-4EAE-A183-B3417E889846}.Release|x86.Build.0 = Release|Any CPU
		{2A1F1C26-C940-4684-BF9B-59B40EDCFFFF}.Debug|Any CPU.ActiveCfg = Debug|Any CPU
		{2A1F1C26-C940-4684-BF9B-59B40EDCFFFF}.Debug|Any CPU.Build.0 = Debug|Any CPU
		{2A1F1C26-C940-4684-BF9B-59B40EDCFFFF}.Debug|x86.ActiveCfg = Debug|Any CPU
		{2A1F1C26-C940-4684-BF9B-59B40EDCFFFF}.Debug|x86.Build.0 = Debug|Any CPU
		{2A1F1C26-C940-4684-BF9B-59B40EDCFFFF}.Release|Any CPU.ActiveCfg = Release|Any CPU
		{2A1F1C26-C940-4684-BF9B-59B40EDCFFFF}.Release|Any CPU.Build.0 = Release|Any CPU
		{2A1F1C26-C940-4684-BF9B-59B40EDCFFFF}.Release|x86.ActiveCfg = Release|Any CPU
		{2A1F1C26-C940-4684-BF9B-59B40EDCFFFF}.Release|x86.Build.0 = Release|Any CPU
		{3184EA1C-6416-4232-AA39-545F3E79A585}.Debug|Any CPU.ActiveCfg = Debug|Any CPU
		{3184EA1C-6416-4232-AA39-545F3E79A585}.Debug|Any CPU.Build.0 = Debug|Any CPU
		{3184EA1C-6416-4232-AA39-545F3E79A585}.Debug|x86.ActiveCfg = Debug|Any CPU
		{3184EA1C-6416-4232-AA39-545F3E79A585}.Debug|x86.Build.0 = Debug|Any CPU
		{3184EA1C-6416-4232-AA39-545F3E79A585}.Release|Any CPU.ActiveCfg = Release|Any CPU
		{3184EA1C-6416-4232-AA39-545F3E79A585}.Release|Any CPU.Build.0 = Release|Any CPU
		{3184EA1C-6416-4232-AA39-545F3E79A585}.Release|x86.ActiveCfg = Release|Any CPU
		{3184EA1C-6416-4232-AA39-545F3E79A585}.Release|x86.Build.0 = Release|Any CPU
		{9E817015-3B0E-4997-8D39-EB1B25307ECC}.Debug|Any CPU.ActiveCfg = Debug|Any CPU
		{9E817015-3B0E-4997-8D39-EB1B25307ECC}.Debug|Any CPU.Build.0 = Debug|Any CPU
		{9E817015-3B0E-4997-8D39-EB1B25307ECC}.Debug|x86.ActiveCfg = Debug|Any CPU
		{9E817015-3B0E-4997-8D39-EB1B25307ECC}.Debug|x86.Build.0 = Debug|Any CPU
		{9E817015-3B0E-4997-8D39-EB1B25307ECC}.Release|Any CPU.ActiveCfg = Release|Any CPU
		{9E817015-3B0E-4997-8D39-EB1B25307ECC}.Release|Any CPU.Build.0 = Release|Any CPU
		{9E817015-3B0E-4997-8D39-EB1B25307ECC}.Release|x86.ActiveCfg = Release|Any CPU
		{9E817015-3B0E-4997-8D39-EB1B25307ECC}.Release|x86.Build.0 = Release|Any CPU
		{91F1E27D-31C5-4FBD-A8F2-CE33FA314CF4}.Debug|Any CPU.ActiveCfg = Debug|Any CPU
		{91F1E27D-31C5-4FBD-A8F2-CE33FA314CF4}.Debug|Any CPU.Build.0 = Debug|Any CPU
		{91F1E27D-31C5-4FBD-A8F2-CE33FA314CF4}.Debug|x86.ActiveCfg = Debug|Any CPU
		{91F1E27D-31C5-4FBD-A8F2-CE33FA314CF4}.Debug|x86.Build.0 = Debug|Any CPU
		{91F1E27D-31C5-4FBD-A8F2-CE33FA314CF4}.Release|Any CPU.ActiveCfg = Release|Any CPU
		{91F1E27D-31C5-4FBD-A8F2-CE33FA314CF4}.Release|Any CPU.Build.0 = Release|Any CPU
		{91F1E27D-31C5-4FBD-A8F2-CE33FA314CF4}.Release|x86.ActiveCfg = Release|Any CPU
		{91F1E27D-31C5-4FBD-A8F2-CE33FA314CF4}.Release|x86.Build.0 = Release|Any CPU
		{DB8EC953-3A36-46E1-BDF8-C3D30F2A9104}.Debug|Any CPU.ActiveCfg = Debug|Any CPU
		{DB8EC953-3A36-46E1-BDF8-C3D30F2A9104}.Debug|Any CPU.Build.0 = Debug|Any CPU
		{DB8EC953-3A36-46E1-BDF8-C3D30F2A9104}.Debug|x86.ActiveCfg = Debug|Any CPU
		{DB8EC953-3A36-46E1-BDF8-C3D30F2A9104}.Debug|x86.Build.0 = Debug|Any CPU
		{DB8EC953-3A36-46E1-BDF8-C3D30F2A9104}.Release|Any CPU.ActiveCfg = Release|Any CPU
		{DB8EC953-3A36-46E1-BDF8-C3D30F2A9104}.Release|Any CPU.Build.0 = Release|Any CPU
		{DB8EC953-3A36-46E1-BDF8-C3D30F2A9104}.Release|x86.ActiveCfg = Release|Any CPU
		{DB8EC953-3A36-46E1-BDF8-C3D30F2A9104}.Release|x86.Build.0 = Release|Any CPU
		{363BEA0D-CA15-413E-ADF2-E2B9B5AC907B}.Debug|Any CPU.ActiveCfg = Debug|Any CPU
		{363BEA0D-CA15-413E-ADF2-E2B9B5AC907B}.Debug|Any CPU.Build.0 = Debug|Any CPU
		{363BEA0D-CA15-413E-ADF2-E2B9B5AC907B}.Debug|x86.ActiveCfg = Debug|Any CPU
		{363BEA0D-CA15-413E-ADF2-E2B9B5AC907B}.Debug|x86.Build.0 = Debug|Any CPU
		{363BEA0D-CA15-413E-ADF2-E2B9B5AC907B}.Release|Any CPU.ActiveCfg = Release|Any CPU
		{363BEA0D-CA15-413E-ADF2-E2B9B5AC907B}.Release|Any CPU.Build.0 = Release|Any CPU
		{363BEA0D-CA15-413E-ADF2-E2B9B5AC907B}.Release|x86.ActiveCfg = Release|Any CPU
		{363BEA0D-CA15-413E-ADF2-E2B9B5AC907B}.Release|x86.Build.0 = Release|Any CPU
		{CFA9CEAC-09D8-4C29-8E10-52C5160A409F}.Debug|Any CPU.ActiveCfg = Debug|Any CPU
		{CFA9CEAC-09D8-4C29-8E10-52C5160A409F}.Debug|Any CPU.Build.0 = Debug|Any CPU
		{CFA9CEAC-09D8-4C29-8E10-52C5160A409F}.Debug|x86.ActiveCfg = Debug|Any CPU
		{CFA9CEAC-09D8-4C29-8E10-52C5160A409F}.Debug|x86.Build.0 = Debug|Any CPU
		{CFA9CEAC-09D8-4C29-8E10-52C5160A409F}.Release|Any CPU.ActiveCfg = Release|Any CPU
		{CFA9CEAC-09D8-4C29-8E10-52C5160A409F}.Release|Any CPU.Build.0 = Release|Any CPU
		{CFA9CEAC-09D8-4C29-8E10-52C5160A409F}.Release|x86.ActiveCfg = Release|Any CPU
		{CFA9CEAC-09D8-4C29-8E10-52C5160A409F}.Release|x86.Build.0 = Release|Any CPU
	EndGlobalSection
	GlobalSection(SolutionProperties) = preSolution
		HideSolutionNode = FALSE
	EndGlobalSection
EndGlobal
